lockfileVersion: '9.0'

settings:
  autoInstallPeers: true
  excludeLinksFromLockfile: false

importers:

  .:
    devDependencies:
      '@bufbuild/buf':
        specifier: ^1.70.0
        version: 1.70.0
      '@bufbuild/protobuf':
        specifier: ^2.10.1
        version: 2.12.0
      '@bufbuild/protoc-gen-es':
        specifier: 2.10.2
        version: 2.10.2(@bufbuild/protobuf@2.12.0)
      '@connectrpc/connect':
        specifier: ^2.1.0
        version: 2.1.1(@bufbuild/protobuf@2.12.0)
      '@connectrpc/connect-web':
        specifier: ^2.1.1
        version: 2.1.1(@bufbuild/protobuf@2.12.0)(@connectrpc/connect@2.1.1(@bufbuild/protobuf@2.12.0))

packages:

  '@bufbuild/buf-darwin-arm64@1.70.0':
    resolution: {integrity: sha512-c7owUswBbMmwfHPH9JRBEJu09mrXYGC33V2JQCgraWCBm74Z95AOkhDua50qiBrQnysvJkJ0p/z4MWxJqcpnIA==}
    engines: {node: '>=12'}
    cpu: [arm64]
    os: [darwin]

  '@bufbuild/buf-darwin-x64@1.70.0':
    resolution: {integrity: sha512-sucV3lQXVuOqYs3+ToulkUh2tZuMnl286DKb44imp3PnexVhAVOP7d3ybYe98HNGwysEdjNP2WIOGb0uKuRCIQ==}
    engines: {node: '>=12'}
    cpu: [x64]
    os: [darwin]

  '@bufbuild/buf-linux-aarch64@1.70.0':
    resolution: {integrity: sha512-4viSYqbhIusd6LR+JayDex8S1rLUL+hTUMYUgSPl75EC93FpJM4vkk2RhoAhyjQqWF/JQLcyWV8kjRRiIwygdg==}
    engines: {node: '>=12'}
    cpu: [arm64]
    os: [linux]

  '@bufbuild/buf-linux-armv7@1.70.0':
    resolution: {integrity: sha512-GqujpTX4MXtYiUkxd6oI1g0JaCX3L6koT16Gl0D0HIQ/V2mptH7x4UW8nK3tAURMjrHsEEhcSJRtmfINTTKnsg==}
    engines: {node: '>=12'}
    cpu: [arm]
    os: [linux]

  '@bufbuild/buf-linux-x64@1.70.0':
    resolution: {integrity: sha512-5WHGUIb5iLFXcnqV33TDejqaPgx0CWFaYW7b4wh12wT0w3DR+ghFq6S6RmYyZLbTuhS4ZFsf+xyk5m+HViKxrA==}
    engines: {node: '>=12'}
    cpu: [x64]
    os: [linux]

  '@bufbuild/buf-win32-arm64@1.70.0':
    resolution: {integrity: sha512-dU1qh7iD08/1avCHwIOoGsatQctE6uGwgOue9GOaThi8/Rdy1x9CC/eFdyFSeCMwbUg9ABQvMGUocylfUe6xDw==}
    engines: {node: '>=12'}
    cpu: [arm64]
    os: [win32]

  '@bufbuild/buf-win32-x64@1.70.0':
    resolution: {integrity: sha512-iKYbjTbEk0ppkv2SrsPFhYus93kj/aMN8aRsrpuo91ZVqXg8JcH4XXbgFpwiFAsiABjqKICFfnDomrFvv49UOA==}
    engines: {node: '>=12'}
    cpu: [x64]
    os: [win32]

  '@bufbuild/buf@1.70.0':
    resolution: {integrity: sha512-oJWGqltlu8F7VVNHLoJ3pFXhjfiGpbh7+/mXW0y+VMPWFGxc9YDv4de1UcX7zhhjV6MbE4SiEGo5Gs5jhpVg5A==}
    engines: {node: '>=12'}
    hasBin: true

  '@bufbuild/protobuf@2.10.2':
    resolution: {integrity: sha512-uFsRXwIGyu+r6AMdz+XijIIZJYpoWeYzILt5yZ2d3mCjQrWUTVpVD9WL/jZAbvp+Ed04rOhrsk7FiTcEDseB5A==}

  '@bufbuild/protobuf@2.12.0':
    resolution: {integrity: sha512-B/XlCaFIP8LOwzo+bz5uFzATYokcwCKQcghqnlfwSmM5eX/qTkvDBnDPs+gXtX/RyjxJ4DRikECcPJbyALA8FA==}

  '@bufbuild/protoc-gen-es@2.10.2':
    resolution: {integrity: sha512-vbjPsuofbtZwZXuOP7Y16CQsxrwCjuRONffmJSBEhoC7PQu/Cabp0+Fu/poLPm9CNM0tDCQA0xvgobgudaEYxQ==}
    engines: {node: '>=20'}
    hasBin: true
    peerDependencies:
      '@bufbuild/protobuf': 2.10.2
    peerDependenciesMeta:
      '@bufbuild/protobuf':
        optional: true

  '@bufbuild/protoplugin@2.10.2':
    resolution: {integrity: sha512-RAWVs9tCzRqSS3tUtaFhOcauOAazCrm7tlGh0WHFq/44n5Fj6YgefdlZEPIaAK6VAA+FdOoFgtOJK2Ji5U24pw==}

  '@connectrpc/connect-web@2.1.1':
    resolution: {integrity: sha512-J8317Q2MaFRCT1jzVR1o06bZhDIBmU0UAzWx6xOIXzOq8+k71/+k7MUF7AwcBUX+34WIvbm5syRgC5HXQA8fOg==}
    peerDependencies:
      '@bufbuild/protobuf': ^2.7.0
      '@connectrpc/connect': 2.1.1

  '@connectrpc/connect@2.1.1':
    resolution: {integrity: sha512-JzhkaTvM73m2K1URT6tv53k2RwngSmCXLZJgK580qNQOXRzZRR/BCMfZw3h+90JpnG6XksP5bYT+cz0rpUzUWQ==}
    peerDependencies:
      '@bufbuild/protobuf': ^2.7.0

  '@typescript/vfs@1.6.4':
    resolution: {integrity: sha512-PJFXFS4ZJKiJ9Qiuix6Dz/OwEIqHD7Dme1UwZhTK11vR+5dqW2ACbdndWQexBzCx+CPuMe5WBYQWCsFyGlQLlQ==}
    peerDependencies:
      typescript: '*'

  debug@4.4.3:
    resolution: {integrity: sha512-RGwwWnwQvkVfavKVt22FGLw+xYSdzARwm0ru6DhTVA3umU5hZc28V3kO4stgYryrTlLpuvgI9GiijltAjNbcqA==}
    engines: {node: '>=6.0'}
    peerDependencies:
      supports-color: '*'
    peerDependenciesMeta:
      supports-color:
        optional: true

  ms@2.1.3:
    resolution: {integrity: sha512-6FlzubTLZG3J2a/NVCAleEhjzq5oxgHyaCU9yYXvcLsvoVaHJq/s5xXI6/XXP6tz7R9xAOtHnSO/tXtF3WRTlA==}

  typescript@5.4.5:
    resolution: {integrity: sha512-vcI4UpRgg81oIRUFwR0WSIHKt11nJ7SAVlYNIu+QpqeyXP+gpQJy/Z4+F0aGxSE4MqwjyXvW/TzgkLAx2AGHwQ==}
    engines: {node: '>=14.17'}
    hasBin: true

snapshots:

  '@bufbuild/buf-darwin-arm64@1.70.0':
    optional: true

  '@bufbuild/buf-darwin-x64@1.70.0':
    optional: true

  '@bufbuild/buf-linux-aarch64@1.70.0':
    optional: true

  '@bufbuild/buf-linux-armv7@1.70.0':
    optional: true

  '@bufbuild/buf-linux-x64@1.70.0':
    optional: true

  '@bufbuild/buf-win32-arm64@1.70.0':
    optional: true

  '@bufbuild/buf-win32-x64@1.70.0':
    optional: true

  '@bufbuild/buf@1.70.0':
    optionalDependencies:
      '@bufbuild/buf-darwin-arm64': 1.70.0
      '@bufbuild/buf-darwin-x64': 1.70.0
      '@bufbuild/buf-linux-aarch64': 1.70.0
      '@bufbuild/buf-linux-armv7': 1.70.0
      '@bufbuild/buf-linux-x64': 1.70.0
      '@bufbuild/buf-win32-arm64': 1.70.0
      '@bufbuild/buf-win32-x64': 1.70.0

  '@bufbuild/protobuf@2.10.2': {}

  '@bufbuild/protobuf@2.12.0': {}

  '@bufbuild/protoc-gen-es@2.10.2(@bufbuild/protobuf@2.12.0)':
    dependencies:
      '@bufbuild/protoplugin': 2.10.2
    optionalDependencies:
      '@bufbuild/protobuf': 2.12.0
    transitivePeerDependencies:
      - supports-color

  '@bufbuild/protoplugin@2.10.2':
    dependencies:
      '@bufbuild/protobuf': 2.10.2
      '@typescript/vfs': 1.6.4(typescript@5.4.5)
      typescript: 5.4.5
    transitivePeerDependencies:
      - supports-color

  '@connectrpc/connect-web@2.1.1(@bufbuild/protobuf@2.12.0)(@connectrpc/connect@2.1.1(@bufbuild/protobuf@2.12.0))':
    dependencies:
      '@bufbuild/protobuf': 2.12.0
      '@connectrpc/connect': 2.1.1(@bufbuild/protobuf@2.12.0)

  '@connectrpc/connect@2.1.1(@bufbuild/protobuf@2.12.0)':
    dependencies:
      '@bufbuild/protobuf': 2.12.0

  '@typescript/vfs@1.6.4(typescript@5.4.5)':
    dependencies:
      debug: 4.4.3
      typescript: 5.4.5
    transitivePeerDependencies:
      - supports-color

  debug@4.4.3:
    dependencies:
      ms: 2.1.3

  ms@2.1.3: {}

  typescript@5.4.5: {}
